
Microsoft Visual Studio Solution File, Format Version 12.00
# Visual Studio Version 17
VisualStudioVersion = 17.6.33815.320
MinimumVisualStudioVersion = 10.0.40219.1
Project("{FAE04EC0-301F-11D3-BF4B-00C04F79EFBC}") = "mvc100923", "mvc100923.csproj", "{F1060C7A-5F62-4C29-B60B-0036345CEEE1}"
EndProject
Global
	GlobalSection(SolutionConfigurationPlatforms) = preSolution
		Debug|Any CPU = Debug|Any CPU
		Release|Any CPU = Release|Any CPU
	EndGlobalSection
	GlobalSection(ProjectConfigurationPlatforms) = postSolution
		{F1060C7A-5F62-4C29-B60B-0036345CEEE1}.Debug|Any CPU.ActiveCfg = Debug|Any CPU
		{F1060C7A-5F62-4C29-B60B-0036345CEEE1}.Debug|Any CPU.Build.0 = Debug|Any CPU
		{F1060C7A-5F62-4C29-B60B-0036345CEEE1}.Release|Any CPU.ActiveCfg = Release|Any CPU
		{F1060C7A-5F62-4C29-B60B-0036345CEEE1}.Release|Any CPU.Build.0 = Release|Any CPU
	EndGlobalSection
	GlobalSection(SolutionProperties) = preSolution
		HideSolutionNode = FALSE
	EndGlobalSection
	GlobalSection(ExtensibilityGlobals) = postSolution
		SolutionGuid = {9A3DCCB5-88D8-4ECB-B60D-6061C6F03FB2}
	EndGlobalSection
EndGlobal
